
Microsoft Visual Studio Solution File, Format Version 12.00
# Visual Studio 2013
VisualStudioVersion = 12.0.31101.0
MinimumVisualStudioVersion = 10.0.40219.1
Project("{FAE04EC0-301F-11D3-BF4B-00C04F79EFBC}") = "MvxSample.Droid", "MvxSample.Droid\MvxSample.Droid.csproj", "{16E9B618-6588-42B0-AE0A-DB578BEE99C2}"
EndProject
Project("{2150E333-8FDC-42A3-9474-1A3956D46DE8}") = "Mvx", "Mvx", "{FA2EF91D-D69E-471F-826C-AA715BC79D76}"
EndProject
Project("{FAE04EC0-301F-11D3-BF4B-00C04F79EFBC}") = "MvxSample.Core", "MvxSample.Core\MvxSample.Core.csproj", "{F09CC1A3-85B8-43BA-A6B1-C875E4ECCE11}"
EndProject
Project("{FAE04EC0-301F-11D3-BF4B-00C04F79EFBC}") = "MvxSample.Touch", "MvxSample.Touch\MvxSample.Touch.csproj", "{45AE7A77-C4A4-44C2-B013-3702AC86906C}"
EndProject
Project("{FAE04EC0-301F-11D3-BF4B-00C04F79EFBC}") = "MvxSamples.WinPhone", "MvxSamples.WinPhone\MvxSamples.WinPhone.csproj", "{79493CE7-DA6D-4F02-960C-008BEF1F7DD1}"
EndProject
Project("{2150E333-8FDC-42A3-9474-1A3956D46DE8}") = "MvvmLight", "MvvmLight", "{9A5E8145-ED10-4B66-B860-5DC8C23AA173}"
EndProject
Project("{2150E333-8FDC-42A3-9474-1A3956D46DE8}") = "ReactiveUI", "ReactiveUI", "{25F6974A-52A6-4344-919D-544790009B8D}"
EndProject
Project("{FAE04EC0-301F-11D3-BF4B-00C04F79EFBC}") = "ReactiveUISample.Core", "ReactiveUISample.Core\ReactiveUISample.Core.csproj", "{B55AE7E2-37E5-4E9D-85EF-C9B33204283B}"
EndProject
Project("{FAE04EC0-301F-11D3-BF4B-00C04F79EFBC}") = "ReactiveUISample.Droid", "ReactiveUISample.Droid\ReactiveUISample.Droid.csproj", "{B330417E-63D1-4F1E-BBF1-6E0AD3387D6B}"
EndProject
Project("{FAE04EC0-301F-11D3-BF4B-00C04F79EFBC}") = "ReactiveUISample.WinPhone", "ReactiveUISample.WinPhone\ReactiveUISample.WinPhone.csproj", "{B31C1EAB-AC9C-4A09-A9C7-2F009596DAC7}"
EndProject
Project("{FAE04EC0-301F-11D3-BF4B-00C04F79EFBC}") = "ReactiveUISample.Touch", "ReactiveUISample.Touch\ReactiveUISample.Touch.csproj", "{2B8E3E93-BBF5-4C61-BB74-3776AD866FE2}"
EndProject
Project("{FAE04EC0-301F-11D3-BF4B-00C04F79EFBC}") = "MvvmLightSample.Core", "MvvmLightSample.Core\MvvmLightSample.Core.csproj", "{1D5E415F-D8CB-44F9-8F19-91E06C7B80D3}"
EndProject
Project("{FAE04EC0-301F-11D3-BF4B-00C04F79EFBC}") = "MvvmLightSample.Droid", "MvvmLightSample.Droid\MvvmLightSample.Droid.csproj", "{6F29F041-98B6-48C0-9A8A-1EEDDE9F092F}"
EndProject
Global
	GlobalSection(SolutionConfigurationPlatforms) = preSolution
		Ad-Hoc|Any CPU = Ad-Hoc|Any CPU
		Ad-Hoc|ARM = Ad-Hoc|ARM
		Ad-Hoc|iPhone = Ad-Hoc|iPhone
		Ad-Hoc|iPhoneSimulator = Ad-Hoc|iPhoneSimulator
		Ad-Hoc|Mixed Platforms = Ad-Hoc|Mixed Platforms
		Ad-Hoc|x86 = Ad-Hoc|x86
		AppStore|Any CPU = AppStore|Any CPU
		AppStore|ARM = AppStore|ARM
		AppStore|iPhone = AppStore|iPhone
		AppStore|iPhoneSimulator = AppStore|iPhoneSimulator
		AppStore|Mixed Platforms = AppStore|Mixed Platforms
		AppStore|x86 = AppStore|x86
		Debug|Any CPU = Debug|Any CPU
		Debug|ARM = Debug|ARM
		Debug|iPhone = Debug|iPhone
		Debug|iPhoneSimulator = Debug|iPhoneSimulator
		Debug|Mixed Platforms = Debug|Mixed Platforms
		Debug|x86 = Debug|x86
		Release|Any CPU = Release|Any CPU
		Release|ARM = Release|ARM
		Release|iPhone = Release|iPhone
		Release|iPhoneSimulator = Release|iPhoneSimulator
		Release|Mixed Platforms = Release|Mixed Platforms
		Release|x86 = Release|x86
	EndGlobalSection
	GlobalSection(ProjectConfigurationPlatforms) = postSolution
		{16E9B618-6588-42B0-AE0A-DB578BEE99C2}.Ad-Hoc|Any CPU.ActiveCfg = Release|Any CPU
		{16E9B618-6588-42B0-AE0A-DB578BEE99C2}.Ad-Hoc|Any CPU.Build.0 = Release|Any CPU
		{16E9B618-6588-42B0-AE0A-DB578BEE99C2}.Ad-Hoc|Any CPU.Deploy.0 = Release|Any CPU
		{16E9B618-6588-42B0-AE0A-DB578BEE99C2}.Ad-Hoc|ARM.ActiveCfg = Release|Any CPU
		{16E9B618-6588-42B0-AE0A-DB578BEE99C2}.Ad-Hoc|iPhone.ActiveCfg = Release|Any CPU
		{16E9B618-6588-42B0-AE0A-DB578BEE99C2}.Ad-Hoc|iPhoneSimulator.ActiveCfg = Release|Any CPU
		{16E9B618-6588-42B0-AE0A-DB578BEE99C2}.Ad-Hoc|Mixed Platforms.ActiveCfg = Release|Any CPU
		{16E9B618-6588-42B0-AE0A-DB578BEE99C2}.Ad-Hoc|Mixed Platforms.Build.0 = Release|Any CPU
		{16E9B618-6588-42B0-AE0A-DB578BEE99C2}.Ad-Hoc|Mixed Platforms.Deploy.0 = Release|Any CPU
		{16E9B618-6588-42B0-AE0A-DB578BEE99C2}.Ad-Hoc|x86.ActiveCfg = Release|Any CPU
		{16E9B618-6588-42B0-AE0A-DB578BEE99C2}.AppStore|Any CPU.ActiveCfg = Release|Any CPU
		{16E9B618-6588-42B0-AE0A-DB578BEE99C2}.AppStore|Any CPU.Build.0 = Release|Any CPU
		{16E9B618-6588-42B0-AE0A-DB578BEE99C2}.AppStore|Any CPU.Deploy.0 = Release|Any CPU
		{16E9B618-6588-42B0-AE0A-DB578BEE99C2}.AppStore|ARM.ActiveCfg = Release|Any CPU
		{16E9B618-6588-42B0-AE0A-DB578BEE99C2}.AppStore|iPhone.ActiveCfg = Release|Any CPU
		{16E9B618-6588-42B0-AE0A-DB578BEE99C2}.AppStore|iPhoneSimulator.ActiveCfg = Release|Any CPU
		{16E9B618-6588-42B0-AE0A-DB578BEE99C2}.AppStore|Mixed Platforms.ActiveCfg = Release|Any CPU
		{16E9B618-6588-42B0-AE0A-DB578BEE99C2}.AppStore|Mixed Platforms.Build.0 = Release|Any CPU
		{16E9B618-6588-42B0-AE0A-DB578BEE99C2}.AppStore|Mixed Platforms.Deploy.0 = Release|Any CPU
		{16E9B618-6588-42B0-AE0A-DB578BEE99C2}.AppStore|x86.ActiveCfg = Release|Any CPU
		{16E9B618-6588-42B0-AE0A-DB578BEE99C2}.Debug|Any CPU.ActiveCfg = Debug|Any CPU
		{16E9B618-6588-42B0-AE0A-DB578BEE99C2}.Debug|Any CPU.Build.0 = Debug|Any CPU
		{16E9B618-6588-42B0-AE0A-DB578BEE99C2}.Debug|Any CPU.Deploy.0 = Debug|Any CPU
		{16E9B618-6588-42B0-AE0A-DB578BEE99C2}.Debug|ARM.ActiveCfg = Debug|Any CPU
		{16E9B618-6588-42B0-AE0A-DB578BEE99C2}.Debug|iPhone.ActiveCfg = Debug|Any CPU
		{16E9B618-6588-42B0-AE0A-DB578BEE99C2}.Debug|iPhoneSimulator.ActiveCfg = Debug|Any CPU
		{16E9B618-6588-42B0-AE0A-DB578BEE99C2}.Debug|Mixed Platforms.ActiveCfg = Debug|Any CPU
		{16E9B618-6588-42B0-AE0A-DB578BEE99C2}.Debug|Mixed Platforms.Build.0 = Debug|Any CPU
		{16E9B618-6588-42B0-AE0A-DB578BEE99C2}.Debug|Mixed Platforms.Deploy.0 = Debug|Any CPU
		{16E9B618-6588-42B0-AE0A-DB578BEE99C2}.Debug|x86.ActiveCfg = Debug|Any CPU
		{16E9B618-6588-42B0-AE0A-DB578BEE99C2}.Release|Any CPU.ActiveCfg = Release|Any CPU
		{16E9B618-6588-42B0-AE0A-DB578BEE99C2}.Release|Any CPU.Build.0 = Release|Any CPU
		{16E9B618-6588-42B0-AE0A-DB578BEE99C2}.Release|Any CPU.Deploy.0 = Release|Any CPU
		{16E9B618-6588-42B0-AE0A-DB578BEE99C2}.Release|ARM.ActiveCfg = Release|Any CPU
		{16E9B618-6588-42B0-AE0A-DB578BEE99C2}.Release|iPhone.ActiveCfg = Release|Any CPU
		{16E9B618-6588-42B0-AE0A-DB578BEE99C2}.Release|iPhoneSimulator.ActiveCfg = Release|Any CPU
		{16E9B618-6588-42B0-AE0A-DB578BEE99C2}.Release|Mixed Platforms.ActiveCfg = Release|Any CPU
		{16E9B618-6588-42B0-AE0A-DB578BEE99C2}.Release|Mixed Platforms.Build.0 = Release|Any CPU
		{16E9B618-6588-42B0-AE0A-DB578BEE99C2}.Release|Mixed Platforms.Deploy.0 = Release|Any CPU
		{16E9B618-6588-42B0-AE0A-DB578BEE99C2}.Release|x86.ActiveCfg = Release|Any CPU
		{F09CC1A3-85B8-43BA-A6B1-C875E4ECCE11}.Ad-Hoc|Any CPU.ActiveCfg = Release|Any CPU
		{F09CC1A3-85B8-43BA-A6B1-C875E4ECCE11}.Ad-Hoc|Any CPU.Build.0 = Release|Any CPU
		{F09CC1A3-85B8-43BA-A6B1-C875E4ECCE11}.Ad-Hoc|ARM.ActiveCfg = Release|Any CPU
		{F09CC1A3-85B8-43BA-A6B1-C875E4ECCE11}.Ad-Hoc|iPhone.ActiveCfg = Release|Any CPU
		{F09CC1A3-85B8-43BA-A6B1-C875E4ECCE11}.Ad-Hoc|iPhoneSimulator.ActiveCfg = Release|Any CPU
		{F09CC1A3-85B8-43BA-A6B1-C875E4ECCE11}.Ad-Hoc|Mixed Platforms.ActiveCfg = Release|Any CPU
		{F09CC1A3-85B8-43BA-A6B1-C875E4ECCE11}.Ad-Hoc|Mixed Platforms.Build.0 = Release|Any CPU
		{F09CC1A3-85B8-43BA-A6B1-C875E4ECCE11}.Ad-Hoc|x86.ActiveCfg = Release|Any CPU
		{F09CC1A3-85B8-43BA-A6B1-C875E4ECCE11}.AppStore|Any CPU.ActiveCfg = Release|Any CPU
		{F09CC1A3-85B8-43BA-A6B1-C875E4ECCE11}.AppStore|Any CPU.Build.0 = Release|Any CPU
		{F09CC1A3-85B8-43BA-A6B1-C875E4ECCE11}.AppStore|ARM.ActiveCfg = Release|Any CPU
		{F09CC1A3-85B8-43BA-A6B1-C875E4ECCE11}.AppStore|iPhone.ActiveCfg = Release|Any CPU
		{F09CC1A3-85B8-43BA-A6B1-C875E4ECCE11}.AppStore|iPhoneSimulator.ActiveCfg = Release|Any CPU
		{F09CC1A3-85B8-43BA-A6B1-C875E4ECCE11}.AppStore|Mixed Platforms.ActiveCfg = Release|Any CPU
		{F09CC1A3-85B8-43BA-A6B1-C875E4ECCE11}.AppStore|Mixed Platforms.Build.0 = Release|Any CPU
		{F09CC1A3-85B8-43BA-A6B1-C875E4ECCE11}.AppStore|x86.ActiveCfg = Release|Any CPU
		{F09CC1A3-85B8-43BA-A6B1-C875E4ECCE11}.Debug|Any CPU.ActiveCfg = Debug|Any CPU
		{F09CC1A3-85B8-43BA-A6B1-C875E4ECCE11}.Debug|Any CPU.Build.0 = Debug|Any CPU
		{F09CC1A3-85B8-43BA-A6B1-C875E4ECCE11}.Debug|ARM.ActiveCfg = Debug|Any CPU
		{F09CC1A3-85B8-43BA-A6B1-C875E4ECCE11}.Debug|iPhone.ActiveCfg = Debug|Any CPU
		{F09CC1A3-85B8-43BA-A6B1-C875E4ECCE11}.Debug|iPhoneSimulator.ActiveCfg = Debug|Any CPU
		{F09CC1A3-85B8-43BA-A6B1-C875E4ECCE11}.Debug|Mixed Platforms.ActiveCfg = Debug|Any CPU
		{F09CC1A3-85B8-43BA-A6B1-C875E4ECCE11}.Debug|Mixed Platforms.Build.0 = Debug|Any CPU
		{F09CC1A3-85B8-43BA-A6B1-C875E4ECCE11}.Debug|x86.ActiveCfg = Debug|Any CPU
		{F09CC1A3-85B8-43BA-A6B1-C875E4ECCE11}.Release|Any CPU.ActiveCfg = Release|Any CPU
		{F09CC1A3-85B8-43BA-A6B1-C875E4ECCE11}.Release|Any CPU.Build.0 = Release|Any CPU
		{F09CC1A3-85B8-43BA-A6B1-C875E4ECCE11}.Release|ARM.ActiveCfg = Release|Any CPU
		{F09CC1A3-85B8-43BA-A6B1-C875E4ECCE11}.Release|iPhone.ActiveCfg = Release|Any CPU
		{F09CC1A3-85B8-43BA-A6B1-C875E4ECCE11}.Release|iPhoneSimulator.ActiveCfg = Release|Any CPU
		{F09CC1A3-85B8-43BA-A6B1-C875E4ECCE11}.Release|Mixed Platforms.ActiveCfg = Release|Any CPU
		{F09CC1A3-85B8-43BA-A6B1-C875E4ECCE11}.Release|Mixed Platforms.Build.0 = Release|Any CPU
		{F09CC1A3-85B8-43BA-A6B1-C875E4ECCE11}.Release|x86.ActiveCfg = Release|Any CPU
		{45AE7A77-C4A4-44C2-B013-3702AC86906C}.Ad-Hoc|Any CPU.ActiveCfg = Ad-Hoc|iPhone
		{45AE7A77-C4A4-44C2-B013-3702AC86906C}.Ad-Hoc|ARM.ActiveCfg = Ad-Hoc|iPhone
		{45AE7A77-C4A4-44C2-B013-3702AC86906C}.Ad-Hoc|iPhone.ActiveCfg = Ad-Hoc|iPhone
		{45AE7A77-C4A4-44C2-B013-3702AC86906C}.Ad-Hoc|iPhone.Build.0 = Ad-Hoc|iPhone
		{45AE7A77-C4A4-44C2-B013-3702AC86906C}.Ad-Hoc|iPhoneSimulator.ActiveCfg = Ad-Hoc|iPhoneSimulator
		{45AE7A77-C4A4-44C2-B013-3702AC86906C}.Ad-Hoc|iPhoneSimulator.Build.0 = Ad-Hoc|iPhoneSimulator
		{45AE7A77-C4A4-44C2-B013-3702AC86906C}.Ad-Hoc|Mixed Platforms.ActiveCfg = Ad-Hoc|iPhone
		{45AE7A77-C4A4-44C2-B013-3702AC86906C}.Ad-Hoc|Mixed Platforms.Build.0 = Ad-Hoc|iPhone
		{45AE7A77-C4A4-44C2-B013-3702AC86906C}.Ad-Hoc|x86.ActiveCfg = Ad-Hoc|iPhone
		{45AE7A77-C4A4-44C2-B013-3702AC86906C}.AppStore|Any CPU.ActiveCfg = AppStore|iPhone
		{45AE7A77-C4A4-44C2-B013-3702AC86906C}.AppStore|ARM.ActiveCfg = AppStore|iPhone
		{45AE7A77-C4A4-44C2-B013-3702AC86906C}.AppStore|iPhone.ActiveCfg = AppStore|iPhone
		{45AE7A77-C4A4-44C2-B013-3702AC86906C}.AppStore|iPhone.Build.0 = AppStore|iPhone
		{45AE7A77-C4A4-44C2-B013-3702AC86906C}.AppStore|iPhoneSimulator.ActiveCfg = AppStore|iPhoneSimulator
		{45AE7A77-C4A4-44C2-B013-3702AC86906C}.AppStore|iPhoneSimulator.Build.0 = AppStore|iPhoneSimulator
		{45AE7A77-C4A4-44C2-B013-3702AC86906C}.AppStore|Mixed Platforms.ActiveCfg = AppStore|iPhone
		{45AE7A77-C4A4-44C2-B013-3702AC86906C}.AppStore|Mixed Platforms.Build.0 = AppStore|iPhone
		{45AE7A77-C4A4-44C2-B013-3702AC86906C}.AppStore|x86.ActiveCfg = AppStore|iPhone
		{45AE7A77-C4A4-44C2-B013-3702AC86906C}.Debug|Any CPU.ActiveCfg = Debug|iPhone
		{45AE7A77-C4A4-44C2-B013-3702AC86906C}.Debug|ARM.ActiveCfg = Debug|iPhone
		{45AE7A77-C4A4-44C2-B013-3702AC86906C}.Debug|iPhone.ActiveCfg = Debug|iPhone
		{45AE7A77-C4A4-44C2-B013-3702AC86906C}.Debug|iPhone.Build.0 = Debug|iPhone
		{45AE7A77-C4A4-44C2-B013-3702AC86906C}.Debug|iPhoneSimulator.ActiveCfg = Debug|iPhoneSimulator
		{45AE7A77-C4A4-44C2-B013-3702AC86906C}.Debug|iPhoneSimulator.Build.0 = Debug|iPhoneSimulator
		{45AE7A77-C4A4-44C2-B013-3702AC86906C}.Debug|Mixed Platforms.ActiveCfg = Debug|iPhone
		{45AE7A77-C4A4-44C2-B013-3702AC86906C}.Debug|Mixed Platforms.Build.0 = Debug|iPhone
		{45AE7A77-C4A4-44C2-B013-3702AC86906C}.Debug|x86.ActiveCfg = Debug|iPhone
		{45AE7A77-C4A4-44C2-B013-3702AC86906C}.Release|Any CPU.ActiveCfg = Release|iPhone
		{45AE7A77-C4A4-44C2-B013-3702AC86906C}.Release|ARM.ActiveCfg = Release|iPhone
		{45AE7A77-C4A4-44C2-B013-3702AC86906C}.Release|iPhone.ActiveCfg = Release|iPhone
		{45AE7A77-C4A4-44C2-B013-3702AC86906C}.Release|iPhone.Build.0 = Release|iPhone
		{45AE7A77-C4A4-44C2-B013-3702AC86906C}.Release|iPhoneSimulator.ActiveCfg = Release|iPhoneSimulator
		{45AE7A77-C4A4-44C2-B013-3702AC86906C}.Release|iPhoneSimulator.Build.0 = Release|iPhoneSimulator
		{45AE7A77-C4A4-44C2-B013-3702AC86906C}.Release|Mixed Platforms.ActiveCfg = Release|iPhone
		{45AE7A77-C4A4-44C2-B013-3702AC86906C}.Release|Mixed Platforms.Build.0 = Release|iPhone
		{45AE7A77-C4A4-44C2-B013-3702AC86906C}.Release|x86.ActiveCfg = Release|iPhone
		{79493CE7-DA6D-4F02-960C-008BEF1F7DD1}.Ad-Hoc|Any CPU.ActiveCfg = Release|Any CPU
		{79493CE7-DA6D-4F02-960C-008BEF1F7DD1}.Ad-Hoc|Any CPU.Build.0 = Release|Any CPU
		{79493CE7-DA6D-4F02-960C-008BEF1F7DD1}.Ad-Hoc|Any CPU.Deploy.0 = Release|Any CPU
		{79493CE7-DA6D-4F02-960C-008BEF1F7DD1}.Ad-Hoc|ARM.ActiveCfg = Release|ARM
		{79493CE7-DA6D-4F02-960C-008BEF1F7DD1}.Ad-Hoc|ARM.Build.0 = Release|ARM
		{79493CE7-DA6D-4F02-960C-008BEF1F7DD1}.Ad-Hoc|ARM.Deploy.0 = Release|ARM
		{79493CE7-DA6D-4F02-960C-008BEF1F7DD1}.Ad-Hoc|iPhone.ActiveCfg = Release|Any CPU
		{79493CE7-DA6D-4F02-960C-008BEF1F7DD1}.Ad-Hoc|iPhoneSimulator.ActiveCfg = Release|Any CPU
		{79493CE7-DA6D-4F02-960C-008BEF1F7DD1}.Ad-Hoc|Mixed Platforms.ActiveCfg = Release|x86
		{79493CE7-DA6D-4F02-960C-008BEF1F7DD1}.Ad-Hoc|Mixed Platforms.Build.0 = Release|x86
		{79493CE7-DA6D-4F02-960C-008BEF1F7DD1}.Ad-Hoc|Mixed Platforms.Deploy.0 = Release|x86
		{79493CE7-DA6D-4F02-960C-008BEF1F7DD1}.Ad-Hoc|x86.ActiveCfg = Release|x86
		{79493CE7-DA6D-4F02-960C-008BEF1F7DD1}.Ad-Hoc|x86.Build.0 = Release|x86
		{79493CE7-DA6D-4F02-960C-008BEF1F7DD1}.Ad-Hoc|x86.Deploy.0 = Release|x86
		{79493CE7-DA6D-4F02-960C-008BEF1F7DD1}.AppStore|Any CPU.ActiveCfg = Release|Any CPU
		{79493CE7-DA6D-4F02-960C-008BEF1F7DD1}.AppStore|Any CPU.Build.0 = Release|Any CPU
		{79493CE7-DA6D-4F02-960C-008BEF1F7DD1}.AppStore|Any CPU.Deploy.0 = Release|Any CPU
		{79493CE7-DA6D-4F02-960C-008BEF1F7DD1}.AppStore|ARM.ActiveCfg = Release|ARM
		{79493CE7-DA6D-4F02-960C-008BEF1F7DD1}.AppStore|ARM.Build.0 = Release|ARM
		{79493CE7-DA6D-4F02-960C-008BEF1F7DD1}.AppStore|ARM.Deploy.0 = Release|ARM
		{79493CE7-DA6D-4F02-960C-008BEF1F7DD1}.AppStore|iPhone.ActiveCfg = Release|Any CPU
		{79493CE7-DA6D-4F02-960C-008BEF1F7DD1}.AppStore|iPhoneSimulator.ActiveCfg = Release|Any CPU
		{79493CE7-DA6D-4F02-960C-008BEF1F7DD1}.AppStore|Mixed Platforms.ActiveCfg = Release|x86
		{79493CE7-DA6D-4F02-960C-008BEF1F7DD1}.AppStore|Mixed Platforms.Build.0 = Release|x86
		{79493CE7-DA6D-4F02-960C-008BEF1F7DD1}.AppStore|Mixed Platforms.Deploy.0 = Release|x86
		{79493CE7-DA6D-4F02-960C-008BEF1F7DD1}.AppStore|x86.ActiveCfg = Release|x86
		{79493CE7-DA6D-4F02-960C-008BEF1F7DD1}.AppStore|x86.Build.0 = Release|x86
		{79493CE7-DA6D-4F02-960C-008BEF1F7DD1}.AppStore|x86.Deploy.0 = Release|x86
		{79493CE7-DA6D-4F02-960C-008BEF1F7DD1}.Debug|Any CPU.ActiveCfg = Debug|Any CPU
		{79493CE7-DA6D-4F02-960C-008BEF1F7DD1}.Debug|Any CPU.Build.0 = Debug|Any CPU
		{79493CE7-DA6D-4F02-960C-008BEF1F7DD1}.Debug|Any CPU.Deploy.0 = Debug|Any CPU
		{79493CE7-DA6D-4F02-960C-008BEF1F7DD1}.Debug|ARM.ActiveCfg = Debug|ARM
		{79493CE7-DA6D-4F02-960C-008BEF1F7DD1}.Debug|ARM.Build.0 = Debug|ARM
		{79493CE7-DA6D-4F02-960C-008BEF1F7DD1}.Debug|ARM.Deploy.0 = Debug|ARM
		{79493CE7-DA6D-4F02-960C-008BEF1F7DD1}.Debug|iPhone.ActiveCfg = Debug|Any CPU
		{79493CE7-DA6D-4F02-960C-008BEF1F7DD1}.Debug|iPhoneSimulator.ActiveCfg = Debug|Any CPU
		{79493CE7-DA6D-4F02-960C-008BEF1F7DD1}.Debug|Mixed Platforms.ActiveCfg = Debug|x86
		{79493CE7-DA6D-4F02-960C-008BEF1F7DD1}.Debug|Mixed Platforms.Build.0 = Debug|x86
		{79493CE7-DA6D-4F02-960C-008BEF1F7DD1}.Debug|Mixed Platforms.Deploy.0 = Debug|x86
		{79493CE7-DA6D-4F02-960C-008BEF1F7DD1}.Debug|x86.ActiveCfg = Debug|x86
		{79493CE7-DA6D-4F02-960C-008BEF1F7DD1}.Debug|x86.Build.0 = Debug|x86
		{79493CE7-DA6D-4F02-960C-008BEF1F7DD1}.Debug|x86.Deploy.0 = Debug|x86
		{79493CE7-DA6D-4F02-960C-008BEF1F7DD1}.Release|Any CPU.ActiveCfg = Release|Any CPU
		{79493CE7-DA6D-4F02-960C-008BEF1F7DD1}.Release|Any CPU.Build.0 = Release|Any CPU
		{79493CE7-DA6D-4F02-960C-008BEF1F7DD1}.Release|Any CPU.Deploy.0 = Release|Any CPU
		{79493CE7-DA6D-4F02-960C-008BEF1F7DD1}.Release|ARM.ActiveCfg = Release|ARM
		{79493CE7-DA6D-4F02-960C-008BEF1F7DD1}.Release|ARM.Build.0 = Release|ARM
		{79493CE7-DA6D-4F02-960C-008BEF1F7DD1}.Release|ARM.Deploy.0 = Release|ARM
		{79493CE7-DA6D-4F02-960C-008BEF1F7DD1}.Release|iPhone.ActiveCfg = Release|Any CPU
		{79493CE7-DA6D-4F02-960C-008BEF1F7DD1}.Release|iPhoneSimulator.ActiveCfg = Release|Any CPU
		{79493CE7-DA6D-4F02-960C-008BEF1F7DD1}.Release|Mixed Platforms.ActiveCfg = Release|x86
		{79493CE7-DA6D-4F02-960C-008BEF1F7DD1}.Release|Mixed Platforms.Build.0 = Release|x86
		{79493CE7-DA6D-4F02-960C-008BEF1F7DD1}.Release|Mixed Platforms.Deploy.0 = Release|x86
		{79493CE7-DA6D-4F02-960C-008BEF1F7DD1}.Release|x86.ActiveCfg = Release|x86
		{79493CE7-DA6D-4F02-960C-008BEF1F7DD1}.Release|x86.Build.0 = Release|x86
		{79493CE7-DA6D-4F02-960C-008BEF1F7DD1}.Release|x86.Deploy.0 = Release|x86
		{B55AE7E2-37E5-4E9D-85EF-C9B33204283B}.Ad-Hoc|Any CPU.ActiveCfg = Release|Any CPU
		{B55AE7E2-37E5-4E9D-85EF-C9B33204283B}.Ad-Hoc|Any CPU.Build.0 = Release|Any CPU
		{B55AE7E2-37E5-4E9D-85EF-C9B33204283B}.Ad-Hoc|ARM.ActiveCfg = Release|Any CPU
		{B55AE7E2-37E5-4E9D-85EF-C9B33204283B}.Ad-Hoc|iPhone.ActiveCfg = Release|Any CPU
		{B55AE7E2-37E5-4E9D-85EF-C9B33204283B}.Ad-Hoc|iPhoneSimulator.ActiveCfg = Release|Any CPU
		{B55AE7E2-37E5-4E9D-85EF-C9B33204283B}.Ad-Hoc|Mixed Platforms.ActiveCfg = Release|Any CPU
		{B55AE7E2-37E5-4E9D-85EF-C9B33204283B}.Ad-Hoc|Mixed Platforms.Build.0 = Release|Any CPU
		{B55AE7E2-37E5-4E9D-85EF-C9B33204283B}.Ad-Hoc|x86.ActiveCfg = Release|Any CPU
		{B55AE7E2-37E5-4E9D-85EF-C9B33204283B}.AppStore|Any CPU.ActiveCfg = Release|Any CPU
		{B55AE7E2-37E5-4E9D-85EF-C9B33204283B}.AppStore|Any CPU.Build.0 = Release|Any CPU
		{B55AE7E2-37E5-4E9D-85EF-C9B33204283B}.AppStore|ARM.ActiveCfg = Release|Any CPU
		{B55AE7E2-37E5-4E9D-85EF-C9B33204283B}.AppStore|iPhone.ActiveCfg = Release|Any CPU
		{B55AE7E2-37E5-4E9D-85EF-C9B33204283B}.AppStore|iPhoneSimulator.ActiveCfg = Release|Any CPU
		{B55AE7E2-37E5-4E9D-85EF-C9B33204283B}.AppStore|Mixed Platforms.ActiveCfg = Release|Any CPU
		{B55AE7E2-37E5-4E9D-85EF-C9B33204283B}.AppStore|Mixed Platforms.Build.0 = Release|Any CPU
		{B55AE7E2-37E5-4E9D-85EF-C9B33204283B}.AppStore|x86.ActiveCfg = Release|Any CPU
		{B55AE7E2-37E5-4E9D-85EF-C9B33204283B}.Debug|Any CPU.ActiveCfg = Debug|Any CPU
		{B55AE7E2-37E5-4E9D-85EF-C9B33204283B}.Debug|Any CPU.Build.0 = Debug|Any CPU
		{B55AE7E2-37E5-4E9D-85EF-C9B33204283B}.Debug|ARM.ActiveCfg = Debug|Any CPU
		{B55AE7E2-37E5-4E9D-85EF-C9B33204283B}.Debug|iPhone.ActiveCfg = Debug|Any CPU
		{B55AE7E2-37E5-4E9D-85EF-C9B33204283B}.Debug|iPhoneSimulator.ActiveCfg = Debug|Any CPU
		{B55AE7E2-37E5-4E9D-85EF-C9B33204283B}.Debug|Mixed Platforms.ActiveCfg = Debug|Any CPU
		{B55AE7E2-37E5-4E9D-85EF-C9B33204283B}.Debug|Mixed Platforms.Build.0 = Debug|Any CPU
		{B55AE7E2-37E5-4E9D-85EF-C9B33204283B}.Debug|x86.ActiveCfg = Debug|Any CPU
		{B55AE7E2-37E5-4E9D-85EF-C9B33204283B}.Release|Any CPU.ActiveCfg = Release|Any CPU
		{B55AE7E2-37E5-4E9D-85EF-C9B33204283B}.Release|Any CPU.Build.0 = Release|Any CPU
		{B55AE7E2-37E5-4E9D-85EF-C9B33204283B}.Release|ARM.ActiveCfg = Release|Any CPU
		{B55AE7E2-37E5-4E9D-85EF-C9B33204283B}.Release|iPhone.ActiveCfg = Release|Any CPU
		{B55AE7E2-37E5-4E9D-85EF-C9B33204283B}.Release|iPhoneSimulator.ActiveCfg = Release|Any CPU
		{B55AE7E2-37E5-4E9D-85EF-C9B33204283B}.Release|Mixed Platforms.ActiveCfg = Release|Any CPU
		{B55AE7E2-37E5-4E9D-85EF-C9B33204283B}.Release|Mixed Platforms.Build.0 = Release|Any CPU
		{B55AE7E2-37E5-4E9D-85EF-C9B33204283B}.Release|x86.ActiveCfg = Release|Any CPU
		{B330417E-63D1-4F1E-BBF1-6E0AD3387D6B}.Ad-Hoc|Any CPU.ActiveCfg = Release|Any CPU
		{B330417E-63D1-4F1E-BBF1-6E0AD3387D6B}.Ad-Hoc|Any CPU.Build.0 = Release|Any CPU
		{B330417E-63D1-4F1E-BBF1-6E0AD3387D6B}.Ad-Hoc|Any CPU.Deploy.0 = Release|Any CPU
		{B330417E-63D1-4F1E-BBF1-6E0AD3387D6B}.Ad-Hoc|ARM.ActiveCfg = Release|Any CPU
		{B330417E-63D1-4F1E-BBF1-6E0AD3387D6B}.Ad-Hoc|iPhone.ActiveCfg = Release|Any CPU
		{B330417E-63D1-4F1E-BBF1-6E0AD3387D6B}.Ad-Hoc|iPhoneSimulator.ActiveCfg = Release|Any CPU
		{B330417E-63D1-4F1E-BBF1-6E0AD3387D6B}.Ad-Hoc|Mixed Platforms.ActiveCfg = Release|Any CPU
		{B330417E-63D1-4F1E-BBF1-6E0AD3387D6B}.Ad-Hoc|Mixed Platforms.Build.0 = Release|Any CPU
		{B330417E-63D1-4F1E-BBF1-6E0AD3387D6B}.Ad-Hoc|Mixed Platforms.Deploy.0 = Release|Any CPU
		{B330417E-63D1-4F1E-BBF1-6E0AD3387D6B}.Ad-Hoc|x86.ActiveCfg = Release|Any CPU
		{B330417E-63D1-4F1E-BBF1-6E0AD3387D6B}.AppStore|Any CPU.ActiveCfg = Release|Any CPU
		{B330417E-63D1-4F1E-BBF1-6E0AD3387D6B}.AppStore|Any CPU.Build.0 = Release|Any CPU
		{B330417E-63D1-4F1E-BBF1-6E0AD3387D6B}.AppStore|Any CPU.Deploy.0 = Release|Any CPU
		{B330417E-63D1-4F1E-BBF1-6E0AD3387D6B}.AppStore|ARM.ActiveCfg = Release|Any CPU
		{B330417E-63D1-4F1E-BBF1-6E0AD3387D6B}.AppStore|iPhone.ActiveCfg = Release|Any CPU
		{B330417E-63D1-4F1E-BBF1-6E0AD3387D6B}.AppStore|iPhoneSimulator.ActiveCfg = Release|Any CPU
		{B330417E-63D1-4F1E-BBF1-6E0AD3387D6B}.AppStore|Mixed Platforms.ActiveCfg = Release|Any CPU
		{B330417E-63D1-4F1E-BBF1-6E0AD3387D6B}.AppStore|Mixed Platforms.Build.0 = Release|Any CPU
		{B330417E-63D1-4F1E-BBF1-6E0AD3387D6B}.AppStore|Mixed Platforms.Deploy.0 = Release|Any CPU
		{B330417E-63D1-4F1E-BBF1-6E0AD3387D6B}.AppStore|x86.ActiveCfg = Release|Any CPU
		{B330417E-63D1-4F1E-BBF1-6E0AD3387D6B}.Debug|Any CPU.ActiveCfg = Debug|Any CPU
		{B330417E-63D1-4F1E-BBF1-6E0AD3387D6B}.Debug|Any CPU.Build.0 = Debug|Any CPU
		{B330417E-63D1-4F1E-BBF1-6E0AD3387D6B}.Debug|Any CPU.Deploy.0 = Debug|Any CPU
		{B330417E-63D1-4F1E-BBF1-6E0AD3387D6B}.Debug|ARM.ActiveCfg = Debug|Any CPU
		{B330417E-63D1-4F1E-BBF1-6E0AD3387D6B}.Debug|iPhone.ActiveCfg = Debug|Any CPU
		{B330417E-63D1-4F1E-BBF1-6E0AD3387D6B}.Debug|iPhoneSimulator.ActiveCfg = Debug|Any CPU
		{B330417E-63D1-4F1E-BBF1-6E0AD3387D6B}.Debug|Mixed Platforms.ActiveCfg = Debug|Any CPU
		{B330417E-63D1-4F1E-BBF1-6E0AD3387D6B}.Debug|Mixed Platforms.Build.0 = Debug|Any CPU
		{B330417E-63D1-4F1E-BBF1-6E0AD3387D6B}.Debug|Mixed Platforms.Deploy.0 = Debug|Any CPU
		{B330417E-63D1-4F1E-BBF1-6E0AD3387D6B}.Debug|x86.ActiveCfg = Debug|Any CPU
		{B330417E-63D1-4F1E-BBF1-6E0AD3387D6B}.Release|Any CPU.ActiveCfg = Release|Any CPU
		{B330417E-63D1-4F1E-BBF1-6E0AD3387D6B}.Release|Any CPU.Build.0 = Release|Any CPU
		{B330417E-63D1-4F1E-BBF1-6E0AD3387D6B}.Release|Any CPU.Deploy.0 = Release|Any CPU
		{B330417E-63D1-4F1E-BBF1-6E0AD3387D6B}.Release|ARM.ActiveCfg = Release|Any CPU
		{B330417E-63D1-4F1E-BBF1-6E0AD3387D6B}.Release|iPhone.ActiveCfg = Release|Any CPU
		{B330417E-63D1-4F1E-BBF1-6E0AD3387D6B}.Release|iPhoneSimulator.ActiveCfg = Release|Any CPU
		{B330417E-63D1-4F1E-BBF1-6E0AD3387D6B}.Release|Mixed Platforms.ActiveCfg = Release|Any CPU
		{B330417E-63D1-4F1E-BBF1-6E0AD3387D6B}.Release|Mixed Platforms.Build.0 = Release|Any CPU
		{B330417E-63D1-4F1E-BBF1-6E0AD3387D6B}.Release|Mixed Platforms.Deploy.0 = Release|Any CPU
		{B330417E-63D1-4F1E-BBF1-6E0AD3387D6B}.Release|x86.ActiveCfg = Release|Any CPU
		{B31C1EAB-AC9C-4A09-A9C7-2F009596DAC7}.Ad-Hoc|Any CPU.ActiveCfg = Release|Any CPU
		{B31C1EAB-AC9C-4A09-A9C7-2F009596DAC7}.Ad-Hoc|Any CPU.Build.0 = Release|Any CPU
		{B31C1EAB-AC9C-4A09-A9C7-2F009596DAC7}.Ad-Hoc|Any CPU.Deploy.0 = Release|Any CPU
		{B31C1EAB-AC9C-4A09-A9C7-2F009596DAC7}.Ad-Hoc|ARM.ActiveCfg = Release|ARM
		{B31C1EAB-AC9C-4A09-A9C7-2F009596DAC7}.Ad-Hoc|ARM.Build.0 = Release|ARM
		{B31C1EAB-AC9C-4A09-A9C7-2F009596DAC7}.Ad-Hoc|ARM.Deploy.0 = Release|ARM
		{B31C1EAB-AC9C-4A09-A9C7-2F009596DAC7}.Ad-Hoc|iPhone.ActiveCfg = Release|Any CPU
		{B31C1EAB-AC9C-4A09-A9C7-2F009596DAC7}.Ad-Hoc|iPhoneSimulator.ActiveCfg = Release|Any CPU
		{B31C1EAB-AC9C-4A09-A9C7-2F009596DAC7}.Ad-Hoc|Mixed Platforms.ActiveCfg = Release|x86
		{B31C1EAB-AC9C-4A09-A9C7-2F009596DAC7}.Ad-Hoc|Mixed Platforms.Build.0 = Release|x86
		{B31C1EAB-AC9C-4A09-A9C7-2F009596DAC7}.Ad-Hoc|Mixed Platforms.Deploy.0 = Release|x86
		{B31C1EAB-AC9C-4A09-A9C7-2F009596DAC7}.Ad-Hoc|x86.ActiveCfg = Release|x86
		{B31C1EAB-AC9C-4A09-A9C7-2F009596DAC7}.Ad-Hoc|x86.Build.0 = Release|x86
		{B31C1EAB-AC9C-4A09-A9C7-2F009596DAC7}.Ad-Hoc|x86.Deploy.0 = Release|x86
		{B31C1EAB-AC9C-4A09-A9C7-2F009596DAC7}.AppStore|Any CPU.ActiveCfg = Release|Any CPU
		{B31C1EAB-AC9C-4A09-A9C7-2F009596DAC7}.AppStore|Any CPU.Build.0 = Release|Any CPU
		{B31C1EAB-AC9C-4A09-A9C7-2F009596DAC7}.AppStore|Any CPU.Deploy.0 = Release|Any CPU
		{B31C1EAB-AC9C-4A09-A9C7-2F009596DAC7}.AppStore|ARM.ActiveCfg = Release|ARM
		{B31C1EAB-AC9C-4A09-A9C7-2F009596DAC7}.AppStore|ARM.Build.0 = Release|ARM
		{B31C1EAB-AC9C-4A09-A9C7-2F009596DAC7}.AppStore|ARM.Deploy.0 = Release|ARM
		{B31C1EAB-AC9C-4A09-A9C7-2F009596DAC7}.AppStore|iPhone.ActiveCfg = Release|Any CPU
		{B31C1EAB-AC9C-4A09-A9C7-2F009596DAC7}.AppStore|iPhoneSimulator.ActiveCfg = Release|Any CPU
		{B31C1EAB-AC9C-4A09-A9C7-2F009596DAC7}.AppStore|Mixed Platforms.ActiveCfg = Release|x86
		{B31C1EAB-AC9C-4A09-A9C7-2F009596DAC7}.AppStore|Mixed Platforms.Build.0 = Release|x86
		{B31C1EAB-AC9C-4A09-A9C7-2F009596DAC7}.AppStore|Mixed Platforms.Deploy.0 = Release|x86
		{B31C1EAB-AC9C-4A09-A9C7-2F009596DAC7}.AppStore|x86.ActiveCfg = Release|x86
		{B31C1EAB-AC9C-4A09-A9C7-2F009596DAC7}.AppStore|x86.Build.0 = Release|x86
		{B31C1EAB-AC9C-4A09-A9C7-2F009596DAC7}.AppStore|x86.Deploy.0 = Release|x86
		{B31C1EAB-AC9C-4A09-A9C7-2F009596DAC7}.Debug|Any CPU.ActiveCfg = Debug|Any CPU
		{B31C1EAB-AC9C-4A09-A9C7-2F009596DAC7}.Debug|Any CPU.Build.0 = Debug|Any CPU
		{B31C1EAB-AC9C-4A09-A9C7-2F009596DAC7}.Debug|Any CPU.Deploy.0 = Debug|Any CPU
		{B31C1EAB-AC9C-4A09-A9C7-2F009596DAC7}.Debug|ARM.ActiveCfg = Debug|ARM
		{B31C1EAB-AC9C-4A09-A9C7-2F009596DAC7}.Debug|ARM.Build.0 = Debug|ARM
		{B31C1EAB-AC9C-4A09-A9C7-2F009596DAC7}.Debug|ARM.Deploy.0 = Debug|ARM
		{B31C1EAB-AC9C-4A09-A9C7-2F009596DAC7}.Debug|iPhone.ActiveCfg = Debug|Any CPU
		{B31C1EAB-AC9C-4A09-A9C7-2F009596DAC7}.Debug|iPhoneSimulator.ActiveCfg = Debug|Any CPU
		{B31C1EAB-AC9C-4A09-A9C7-2F009596DAC7}.Debug|Mixed Platforms.ActiveCfg = Debug|x86
		{B31C1EAB-AC9C-4A09-A9C7-2F009596DAC7}.Debug|Mixed Platforms.Build.0 = Debug|x86
		{B31C1EAB-AC9C-4A09-A9C7-2F009596DAC7}.Debug|Mixed Platforms.Deploy.0 = Debug|x86
		{B31C1EAB-AC9C-4A09-A9C7-2F009596DAC7}.Debug|x86.ActiveCfg = Debug|x86
		{B31C1EAB-AC9C-4A09-A9C7-2F009596DAC7}.Debug|x86.Build.0 = Debug|x86
		{B31C1EAB-AC9C-4A09-A9C7-2F009596DAC7}.Debug|x86.Deploy.0 = Debug|x86
		{B31C1EAB-AC9C-4A09-A9C7-2F009596DAC7}.Release|Any CPU.ActiveCfg = Release|Any CPU
		{B31C1EAB-AC9C-4A09-A9C7-2F009596DAC7}.Release|Any CPU.Build.0 = Release|Any CPU
		{B31C1EAB-AC9C-4A09-A9C7-2F009596DAC7}.Release|Any CPU.Deploy.0 = Release|Any CPU
		{B31C1EAB-AC9C-4A09-A9C7-2F009596DAC7}.Release|ARM.ActiveCfg = Release|ARM
		{B31C1EAB-AC9C-4A09-A9C7-2F009596DAC7}.Release|ARM.Build.0 = Release|ARM
		{B31C1EAB-AC9C-4A09-A9C7-2F009596DAC7}.Release|ARM.Deploy.0 = Release|ARM
		{B31C1EAB-AC9C-4A09-A9C7-2F009596DAC7}.Release|iPhone.ActiveCfg = Release|Any CPU
		{B31C1EAB-AC9C-4A09-A9C7-2F009596DAC7}.Release|iPhoneSimulator.ActiveCfg = Release|Any CPU
		{B31C1EAB-AC9C-4A09-A9C7-2F009596DAC7}.Release|Mixed Platforms.ActiveCfg = Release|x86
		{B31C1EAB-AC9C-4A09-A9C7-2F009596DAC7}.Release|Mixed Platforms.Build.0 = Release|x86
		{B31C1EAB-AC9C-4A09-A9C7-2F009596DAC7}.Release|Mixed Platforms.Deploy.0 = Release|x86
		{B31C1EAB-AC9C-4A09-A9C7-2F009596DAC7}.Release|x86.ActiveCfg = Release|x86
		{B31C1EAB-AC9C-4A09-A9C7-2F009596DAC7}.Release|x86.Build.0 = Release|x86
		{B31C1EAB-AC9C-4A09-A9C7-2F009596DAC7}.Release|x86.Deploy.0 = Release|x86
		{2B8E3E93-BBF5-4C61-BB74-3776AD866FE2}.Ad-Hoc|Any CPU.ActiveCfg = Ad-Hoc|iPhone
		{2B8E3E93-BBF5-4C61-BB74-3776AD866FE2}.Ad-Hoc|ARM.ActiveCfg = Ad-Hoc|iPhone
		{2B8E3E93-BBF5-4C61-BB74-3776AD866FE2}.Ad-Hoc|iPhone.ActiveCfg = Ad-Hoc|iPhone
		{2B8E3E93-BBF5-4C61-BB74-3776AD866FE2}.Ad-Hoc|iPhone.Build.0 = Ad-Hoc|iPhone
		{2B8E3E93-BBF5-4C61-BB74-3776AD866FE2}.Ad-Hoc|iPhoneSimulator.ActiveCfg = Ad-Hoc|iPhoneSimulator
		{2B8E3E93-BBF5-4C61-BB74-3776AD866FE2}.Ad-Hoc|iPhoneSimulator.Build.0 = Ad-Hoc|iPhoneSimulator
		{2B8E3E93-BBF5-4C61-BB74-3776AD866FE2}.Ad-Hoc|Mixed Platforms.ActiveCfg = Ad-Hoc|iPhone
		{2B8E3E93-BBF5-4C61-BB74-3776AD866FE2}.Ad-Hoc|Mixed Platforms.Build.0 = Ad-Hoc|iPhone
		{2B8E3E93-BBF5-4C61-BB74-3776AD866FE2}.Ad-Hoc|x86.ActiveCfg = Ad-Hoc|iPhone
		{2B8E3E93-BBF5-4C61-BB74-3776AD866FE2}.AppStore|Any CPU.ActiveCfg = AppStore|iPhone
		{2B8E3E93-BBF5-4C61-BB74-3776AD866FE2}.AppStore|ARM.ActiveCfg = AppStore|iPhone
		{2B8E3E93-BBF5-4C61-BB74-3776AD866FE2}.AppStore|iPhone.ActiveCfg = AppStore|iPhone
		{2B8E3E93-BBF5-4C61-BB74-3776AD866FE2}.AppStore|iPhone.Build.0 = AppStore|iPhone
		{2B8E3E93-BBF5-4C61-BB74-3776AD866FE2}.AppStore|iPhoneSimulator.ActiveCfg = AppStore|iPhoneSimulator
		{2B8E3E93-BBF5-4C61-BB74-3776AD866FE2}.AppStore|iPhoneSimulator.Build.0 = AppStore|iPhoneSimulator
		{2B8E3E93-BBF5-4C61-BB74-3776AD866FE2}.AppStore|Mixed Platforms.ActiveCfg = AppStore|iPhone
		{2B8E3E93-BBF5-4C61-BB74-3776AD866FE2}.AppStore|Mixed Platforms.Build.0 = AppStore|iPhone
		{2B8E3E93-BBF5-4C61-BB74-3776AD866FE2}.AppStore|x86.ActiveCfg = AppStore|iPhone
		{2B8E3E93-BBF5-4C61-BB74-3776AD866FE2}.Debug|Any CPU.ActiveCfg = Debug|iPhone
		{2B8E3E93-BBF5-4C61-BB74-3776AD866FE2}.Debug|ARM.ActiveCfg = Debug|iPhone
		{2B8E3E93-BBF5-4C61-BB74-3776AD866FE2}.Debug|iPhone.ActiveCfg = Debug|iPhone
		{2B8E3E93-BBF5-4C61-BB74-3776AD866FE2}.Debug|iPhone.Build.0 = Debug|iPhone
		{2B8E3E93-BBF5-4C61-BB74-3776AD866FE2}.Debug|iPhoneSimulator.ActiveCfg = Debug|iPhoneSimulator
		{2B8E3E93-BBF5-4C61-BB74-3776AD866FE2}.Debug|iPhoneSimulator.Build.0 = Debug|iPhoneSimulator
		{2B8E3E93-BBF5-4C61-BB74-3776AD866FE2}.Debug|Mixed Platforms.ActiveCfg = Debug|iPhone
		{2B8E3E93-BBF5-4C61-BB74-3776AD866FE2}.Debug|Mixed Platforms.Build.0 = Debug|iPhone
		{2B8E3E93-BBF5-4C61-BB74-3776AD866FE2}.Debug|x86.ActiveCfg = Debug|iPhone
		{2B8E3E93-BBF5-4C61-BB74-3776AD866FE2}.Release|Any CPU.ActiveCfg = Release|iPhone
		{2B8E3E93-BBF5-4C61-BB74-3776AD866FE2}.Release|ARM.ActiveCfg = Release|iPhone
		{2B8E3E93-BBF5-4C61-BB74-3776AD866FE2}.Release|iPhone.ActiveCfg = Release|iPhone
		{2B8E3E93-BBF5-4C61-BB74-3776AD866FE2}.Release|iPhone.Build.0 = Release|iPhone
		{2B8E3E93-BBF5-4C61-BB74-3776AD866FE2}.Release|iPhoneSimulator.ActiveCfg = Release|iPhoneSimulator
		{2B8E3E93-BBF5-4C61-BB74-3776AD866FE2}.Release|iPhoneSimulator.Build.0 = Release|iPhoneSimulator
		{2B8E3E93-BBF5-4C61-BB74-3776AD866FE2}.Release|Mixed Platforms.ActiveCfg = Release|iPhone
		{2B8E3E93-BBF5-4C61-BB74-3776AD866FE2}.Release|Mixed Platforms.Build.0 = Release|iPhone
		{2B8E3E93-BBF5-4C61-BB74-3776AD866FE2}.Release|x86.ActiveCfg = Release|iPhone
		{1D5E415F-D8CB-44F9-8F19-91E06C7B80D3}.Ad-Hoc|Any CPU.ActiveCfg = Release|Any CPU
		{1D5E415F-D8CB-44F9-8F19-91E06C7B80D3}.Ad-Hoc|Any CPU.Build.0 = Release|Any CPU
		{1D5E415F-D8CB-44F9-8F19-91E06C7B80D3}.Ad-Hoc|ARM.ActiveCfg = Release|Any CPU
		{1D5E415F-D8CB-44F9-8F19-91E06C7B80D3}.Ad-Hoc|iPhone.ActiveCfg = Release|Any CPU
		{1D5E415F-D8CB-44F9-8F19-91E06C7B80D3}.Ad-Hoc|iPhoneSimulator.ActiveCfg = Release|Any CPU
		{1D5E415F-D8CB-44F9-8F19-91E06C7B80D3}.Ad-Hoc|Mixed Platforms.ActiveCfg = Release|Any CPU
		{1D5E415F-D8CB-44F9-8F19-91E06C7B80D3}.Ad-Hoc|Mixed Platforms.Build.0 = Release|Any CPU
		{1D5E415F-D8CB-44F9-8F19-91E06C7B80D3}.Ad-Hoc|x86.ActiveCfg = Release|Any CPU
		{1D5E415F-D8CB-44F9-8F19-91E06C7B80D3}.AppStore|Any CPU.ActiveCfg = Release|Any CPU
		{1D5E415F-D8CB-44F9-8F19-91E06C7B80D3}.AppStore|Any CPU.Build.0 = Release|Any CPU
		{1D5E415F-D8CB-44F9-8F19-91E06C7B80D3}.AppStore|ARM.ActiveCfg = Release|Any CPU
		{1D5E415F-D8CB-44F9-8F19-91E06C7B80D3}.AppStore|iPhone.ActiveCfg = Release|Any CPU
		{1D5E415F-D8CB-44F9-8F19-91E06C7B80D3}.AppStore|iPhoneSimulator.ActiveCfg = Release|Any CPU
		{1D5E415F-D8CB-44F9-8F19-91E06C7B80D3}.AppStore|Mixed Platforms.ActiveCfg = Release|Any CPU
		{1D5E415F-D8CB-44F9-8F19-91E06C7B80D3}.AppStore|Mixed Platforms.Build.0 = Release|Any CPU
		{1D5E415F-D8CB-44F9-8F19-91E06C7B80D3}.AppStore|x86.ActiveCfg = Release|Any CPU
		{1D5E415F-D8CB-44F9-8F19-91E06C7B80D3}.Debug|Any CPU.ActiveCfg = Debug|Any CPU
		{1D5E415F-D8CB-44F9-8F19-91E06C7B80D3}.Debug|Any CPU.Build.0 = Debug|Any CPU
		{1D5E415F-D8CB-44F9-8F19-91E06C7B80D3}.Debug|ARM.ActiveCfg = Debug|Any CPU
		{1D5E415F-D8CB-44F9-8F19-91E06C7B80D3}.Debug|iPhone.ActiveCfg = Debug|Any CPU
		{1D5E415F-D8CB-44F9-8F19-91E06C7B80D3}.Debug|iPhoneSimulator.ActiveCfg = Debug|Any CPU
		{1D5E415F-D8CB-44F9-8F19-91E06C7B80D3}.Debug|Mixed Platforms.ActiveCfg = Debug|Any CPU
		{1D5E415F-D8CB-44F9-8F19-91E06C7B80D3}.Debug|Mixed Platforms.Build.0 = Debug|Any CPU
		{1D5E415F-D8CB-44F9-8F19-91E06C7B80D3}.Debug|x86.ActiveCfg = Debug|Any CPU
		{1D5E415F-D8CB-44F9-8F19-91E06C7B80D3}.Release|Any CPU.ActiveCfg = Release|Any CPU
		{1D5E415F-D8CB-44F9-8F19-91E06C7B80D3}.Release|Any CPU.Build.0 = Release|Any CPU
		{1D5E415F-D8CB-44F9-8F19-91E06C7B80D3}.Release|ARM.ActiveCfg = Release|Any CPU
		{1D5E415F-D8CB-44F9-8F19-91E06C7B80D3}.Release|iPhone.ActiveCfg = Release|Any CPU
		{1D5E415F-D8CB-44F9-8F19-91E06C7B80D3}.Release|iPhoneSimulator.ActiveCfg = Release|Any CPU
		{1D5E415F-D8CB-44F9-8F19-91E06C7B80D3}.Release|Mixed Platforms.ActiveCfg = Release|Any CPU
		{1D5E415F-D8CB-44F9-8F19-91E06C7B80D3}.Release|Mixed Platforms.Build.0 = Release|Any CPU
		{1D5E415F-D8CB-44F9-8F19-91E06C7B80D3}.Release|x86.ActiveCfg = Release|Any CPU
		{6F29F041-98B6-48C0-9A8A-1EEDDE9F092F}.Ad-Hoc|Any CPU.ActiveCfg = Release|Any CPU
		{6F29F041-98B6-48C0-9A8A-1EEDDE9F092F}.Ad-Hoc|Any CPU.Build.0 = Release|Any CPU
		{6F29F041-98B6-48C0-9A8A-1EEDDE9F092F}.Ad-Hoc|Any CPU.Deploy.0 = Release|Any CPU
		{6F29F041-98B6-48C0-9A8A-1EEDDE9F092F}.Ad-Hoc|ARM.ActiveCfg = Release|Any CPU
		{6F29F041-98B6-48C0-9A8A-1EEDDE9F092F}.Ad-Hoc|iPhone.ActiveCfg = Release|Any CPU
		{6F29F041-98B6-48C0-9A8A-1EEDDE9F092F}.Ad-Hoc|iPhoneSimulator.ActiveCfg = Release|Any CPU
		{6F29F041-98B6-48C0-9A8A-1EEDDE9F092F}.Ad-Hoc|Mixed Platforms.ActiveCfg = Release|Any CPU
		{6F29F041-98B6-48C0-9A8A-1EEDDE9F092F}.Ad-Hoc|Mixed Platforms.Build.0 = Release|Any CPU
		{6F29F041-98B6-48C0-9A8A-1EEDDE9F092F}.Ad-Hoc|Mixed Platforms.Deploy.0 = Release|Any CPU
		{6F29F041-98B6-48C0-9A8A-1EEDDE9F092F}.Ad-Hoc|x86.ActiveCfg = Release|Any CPU
		{6F29F041-98B6-48C0-9A8A-1EEDDE9F092F}.AppStore|Any CPU.ActiveCfg = Release|Any CPU
		{6F29F041-98B6-48C0-9A8A-1EEDDE9F092F}.AppStore|Any CPU.Build.0 = Release|Any CPU
		{6F29F041-98B6-48C0-9A8A-1EEDDE9F092F}.AppStore|Any CPU.Deploy.0 = Release|Any CPU
		{6F29F041-98B6-48C0-9A8A-1EEDDE9F092F}.AppStore|ARM.ActiveCfg = Release|Any CPU
		{6F29F041-98B6-48C0-9A8A-1EEDDE9F092F}.AppStore|iPhone.ActiveCfg = Release|Any CPU
		{6F29F041-98B6-48C0-9A8A-1EEDDE9F092F}.AppStore|iPhoneSimulator.ActiveCfg = Release|Any CPU
		{6F29F041-98B6-48C0-9A8A-1EEDDE9F092F}.AppStore|Mixed Platforms.ActiveCfg = Release|Any CPU
		{6F29F041-98B6-48C0-9A8A-1EEDDE9F092F}.AppStore|Mixed Platforms.Build.0 = Release|Any CPU
		{6F29F041-98B6-48C0-9A8A-1EEDDE9F092F}.AppStore|Mixed Platforms.Deploy.0 = Release|Any CPU
		{6F29F041-98B6-48C0-9A8A-1EEDDE9F092F}.AppStore|x86.ActiveCfg = Release|Any CPU
		{6F29F041-98B6-48C0-9A8A-1EEDDE9F092F}.Debug|Any CPU.ActiveCfg = Debug|Any CPU
		{6F29F041-98B6-48C0-9A8A-1EEDDE9F092F}.Debug|Any CPU.Build.0 = Debug|Any CPU
		{6F29F041-98B6-48C0-9A8A-1EEDDE9F092F}.Debug|Any CPU.Deploy.0 = Debug|Any CPU
		{6F29F041-98B6-48C0-9A8A-1EEDDE9F092F}.Debug|ARM.ActiveCfg = Debug|Any CPU
		{6F29F041-98B6-48C0-9A8A-1EEDDE9F092F}.Debug|iPhone.ActiveCfg = Debug|Any CPU
		{6F29F041-98B6-48C0-9A8A-1EEDDE9F092F}.Debug|iPhoneSimulator.ActiveCfg = Debug|Any CPU
		{6F29F041-98B6-48C0-9A8A-1EEDDE9F092F}.Debug|Mixed Platforms.ActiveCfg = Debug|Any CPU
		{6F29F041-98B6-48C0-9A8A-1EEDDE9F092F}.Debug|Mixed Platforms.Build.0 = Debug|Any CPU
		{6F29F041-98B6-48C0-9A8A-1EEDDE9F092F}.Debug|Mixed Platforms.Deploy.0 = Debug|Any CPU
		{6F29F041-98B6-48C0-9A8A-1EEDDE9F092F}.Debug|x86.ActiveCfg = Debug|Any CPU
		{6F29F041-98B6-48C0-9A8A-1EEDDE9F092F}.Release|Any CPU.ActiveCfg = Release|Any CPU
		{6F29F041-98B6-48C0-9A8A-1EEDDE9F092F}.Release|Any CPU.Build.0 = Release|Any CPU
		{6F29F041-98B6-48C0-9A8A-1EEDDE9F092F}.Release|Any CPU.Deploy.0 = Release|Any CPU
		{6F29F041-98B6-48C0-9A8A-1EEDDE9F092F}.Release|ARM.ActiveCfg = Release|Any CPU
		{6F29F041-98B6-48C0-9A8A-1EEDDE9F092F}.Release|iPhone.ActiveCfg = Release|Any CPU
		{6F29F041-98B6-48C0-9A8A-1EEDDE9F092F}.Release|iPhoneSimulator.ActiveCfg = Release|Any CPU
		{6F29F041-98B6-48C0-9A8A-1EEDDE9F092F}.Release|Mixed Platforms.ActiveCfg = Release|Any CPU
		{6F29F041-98B6-48C0-9A8A-1EEDDE9F092F}.Release|Mixed Platforms.Build.0 = Release|Any CPU
		{6F29F041-98B6-48C0-9A8A-1EEDDE9F092F}.Release|Mixed Platforms.Deploy.0 = Release|Any CPU
		{6F29F041-98B6-48C0-9A8A-1EEDDE9F092F}.Release|x86.ActiveCfg = Release|Any CPU
	EndGlobalSection
	GlobalSection(SolutionProperties) = preSolution
		HideSolutionNode = FALSE
	EndGlobalSection
	GlobalSection(NestedProjects) = preSolution
		{16E9B618-6588-42B0-AE0A-DB578BEE99C2} = {FA2EF91D-D69E-471F-826C-AA715BC79D76}
		{F09CC1A3-85B8-43BA-A6B1-C875E4ECCE11} = {FA2EF91D-D69E-471F-826C-AA715BC79D76}
		{45AE7A77-C4A4-44C2-B013-3702AC86906C} = {FA2EF91D-D69E-471F-826C-AA715BC79D76}
		{79493CE7-DA6D-4F02-960C-008BEF1F7DD1} = {FA2EF91D-D69E-471F-826C-AA715BC79D76}
		{B55AE7E2-37E5-4E9D-85EF-C9B33204283B} = {25F6974A-52A6-4344-919D-544790009B8D}
		{B330417E-63D1-4F1E-BBF1-6E0AD3387D6B} = {25F6974A-52A6-4344-919D-544790009B8D}
		{B31C1EAB-AC9C-4A09-A9C7-2F009596DAC7} = {25F6974A-52A6-4344-919D-544790009B8D}
		{2B8E3E93-BBF5-4C61-BB74-3776AD866FE2} = {25F6974A-52A6-4344-919D-544790009B8D}
		{1D5E415F-D8CB-44F9-8F19-91E06C7B80D3} = {9A5E8145-ED10-4B66-B860-5DC8C23AA173}
		{6F29F041-98B6-48C0-9A8A-1EEDDE9F092F} = {9A5E8145-ED10-4B66-B860-5DC8C23AA173}
	EndGlobalSection
EndGlobal
